// !$*UTF8*$!
{
	archiveVersion = 1;
	classes = {
	};
	objectVersion = 56;
	objects = {

/* Begin PBXBuildFile section */
		01016CEF2A1DE2CF00D31F6C /* PayWallOpeningView.swift in Sources */ = {isa = PBXBuildFile; fileRef = 01016CEE2A1DE2CF00D31F6C /* PayWallOpeningView.swift */; };
		010800752A52EDA3005250F5 /* UserGoalCoreDataViewModel.swift in Sources */ = {isa = PBXBuildFile; fileRef = 010800742A52EDA3005250F5 /* UserGoalCoreDataViewModel.swift */; };
		010800782A530139005250F5 /* GoalContainer.xcdatamodeld in Sources */ = {isa = PBXBuildFile; fileRef = 010800762A530139005250F5 /* GoalContainer.xcdatamodeld */; };
		0108007A2A532A27005250F5 /* TrackingCenter.swift in Sources */ = {isa = PBXBuildFile; fileRef = 010800792A532A27005250F5 /* TrackingCenter.swift */; };
		0108007D2A5358A4005250F5 /* FirebaseAnalytics in Frameworks */ = {isa = PBXBuildFile; productRef = 0108007C2A5358A4005250F5 /* FirebaseAnalytics */; };
		0119B39D2A409C90001E9CF1 /* AddGoalView.swift in Sources */ = {isa = PBXBuildFile; fileRef = 0119B39C2A409C90001E9CF1 /* AddGoalView.swift */; };
		013F207B29E06E5E000C8E22 /* BannerAd.swift in Sources */ = {isa = PBXBuildFile; fileRef = 013F207A29E06E5E000C8E22 /* BannerAd.swift */; };
		014AABEE29E9FB3900F39B18 /* StoreKit.framework in Frameworks */ = {isa = PBXBuildFile; fileRef = 014AABED29E9FB3900F39B18 /* StoreKit.framework */; };
		014B55E129D38AAF00B14F40 /* MotiQApp.swift in Sources */ = {isa = PBXBuildFile; fileRef = 014B55E029D38AAF00B14F40 /* MotiQApp.swift */; };
		014B55E829D38AAF00B14F40 /* Preview Assets.xcassets in Resources */ = {isa = PBXBuildFile; fileRef = 014B55E729D38AAF00B14F40 /* Preview Assets.xcassets */; };
		014B55F429D38B5700B14F40 /* HomeScreenView.swift in Sources */ = {isa = PBXBuildFile; fileRef = 014B55F329D38B5700B14F40 /* HomeScreenView.swift */; };
		014B55F729D38B6900B14F40 /* MotivationalViewModel.swift in Sources */ = {isa = PBXBuildFile; fileRef = 014B55F529D38B6900B14F40 /* MotivationalViewModel.swift */; };
		014B55F829D38B6900B14F40 /* CoreDataViewModel.swift in Sources */ = {isa = PBXBuildFile; fileRef = 014B55F629D38B6900B14F40 /* CoreDataViewModel.swift */; };
		014B55FA29D38B7A00B14F40 /* SettingsView.swift in Sources */ = {isa = PBXBuildFile; fileRef = 014B55F929D38B7A00B14F40 /* SettingsView.swift */; };
		014B55FC29D38B8800B14F40 /* MotivationalAPI.swift in Sources */ = {isa = PBXBuildFile; fileRef = 014B55FB29D38B8800B14F40 /* MotivationalAPI.swift */; };
		014B55FE29D38BAA00B14F40 /* QuotesModel.swift in Sources */ = {isa = PBXBuildFile; fileRef = 014B55FD29D38BAA00B14F40 /* QuotesModel.swift */; };
		014B560129D38BC700B14F40 /* QuotesContainer.xcdatamodeld in Sources */ = {isa = PBXBuildFile; fileRef = 014B55FF29D38BC700B14F40 /* QuotesContainer.xcdatamodeld */; };
		014B560329D38BDC00B14F40 /* Launch Screen.storyboard in Resources */ = {isa = PBXBuildFile; fileRef = 014B560229D38BDC00B14F40 /* Launch Screen.storyboard */; };
		014B560529D38C1000B14F40 /* ColorsExtension.swift in Sources */ = {isa = PBXBuildFile; fileRef = 014B560429D38C1000B14F40 /* ColorsExtension.swift */; };
		014F94AB2A535B250051092F /* GoogleService-Info.plist in Resources */ = {isa = PBXBuildFile; fileRef = 014F94AA2A535B250051092F /* GoogleService-Info.plist */; };
		014F94C82A537E6E0051092F /* TextToSpeechService.swift in Sources */ = {isa = PBXBuildFile; fileRef = 014F94C72A537E6E0051092F /* TextToSpeechService.swift */; };
		015B1DAA29E56EE6004AD9C7 /* ReceiptParser in Frameworks */ = {isa = PBXBuildFile; productRef = 015B1DA929E56EE6004AD9C7 /* ReceiptParser */; };
		015B1DAC29E56EE6004AD9C7 /* RevenueCat in Frameworks */ = {isa = PBXBuildFile; productRef = 015B1DAB29E56EE6004AD9C7 /* RevenueCat */; };
		015B1DAF29E56F5E004AD9C7 /* GoogleMobileAds in Frameworks */ = {isa = PBXBuildFile; productRef = 015B1DAE29E56F5E004AD9C7 /* GoogleMobileAds */; };
		015E522329D5C2910098DBB6 /* Assets.xcassets in Resources */ = {isa = PBXBuildFile; fileRef = 015E522229D5C2910098DBB6 /* Assets.xcassets */; };
		015E522729D5DBE20098DBB6 /* AddUserQuoteView.swift in Sources */ = {isa = PBXBuildFile; fileRef = 015E522629D5DBE20098DBB6 /* AddUserQuoteView.swift */; };
		015E522929D5F9C00098DBB6 /* NotificationCenter.swift in Sources */ = {isa = PBXBuildFile; fileRef = 015E522829D5F9C00098DBB6 /* NotificationCenter.swift */; };
		01777F832A544FC70002367C /* EditGoalView.swift in Sources */ = {isa = PBXBuildFile; fileRef = 01777F822A544FC70002367C /* EditGoalView.swift */; };
		01878C602A28B84100AB7714 /* InterstitialAd.swift in Sources */ = {isa = PBXBuildFile; fileRef = 01878C5F2A28B84100AB7714 /* InterstitialAd.swift */; };
		018E963929DDE0AB004D5A41 /* NetworkManager.swift in Sources */ = {isa = PBXBuildFile; fileRef = 018E963829DDE0AB004D5A41 /* NetworkManager.swift */; };
		019BD33F2A0B7FAA0009F418 /* AlertManager.swift in Sources */ = {isa = PBXBuildFile; fileRef = 019BD33E2A0B7FAA0009F418 /* AlertManager.swift */; };
		01A1512729EC17E700A609AD /* Extensions.swift in Sources */ = {isa = PBXBuildFile; fileRef = 01A1512629EC17E700A609AD /* Extensions.swift */; };
		01A56E342A55F5A50096EE63 /* WidgetKit.framework in Frameworks */ = {isa = PBXBuildFile; fileRef = 01A56E332A55F5A50096EE63 /* WidgetKit.framework */; };
		01A56E352A55F5A50096EE63 /* SwiftUI.framework in Frameworks */ = {isa = PBXBuildFile; fileRef = 01A4240629E2D30C00053D1A /* SwiftUI.framework */; };
		01A56E382A55F5A50096EE63 /* MotiqWidgetsBundle.swift in Sources */ = {isa = PBXBuildFile; fileRef = 01A56E372A55F5A50096EE63 /* MotiqWidgetsBundle.swift */; };
		01A56E3C2A55F5A50096EE63 /* MotiqWidgets.swift in Sources */ = {isa = PBXBuildFile; fileRef = 01A56E3B2A55F5A50096EE63 /* MotiqWidgets.swift */; };
		01A56E3F2A55F5A60096EE63 /* Assets.xcassets in Resources */ = {isa = PBXBuildFile; fileRef = 01A56E3E2A55F5A60096EE63 /* Assets.xcassets */; };
		01A56E412A55F5A60096EE63 /* MotiqWidgets.intentdefinition in Sources */ = {isa = PBXBuildFile; fileRef = 01A56E3D2A55F5A50096EE63 /* MotiqWidgets.intentdefinition */; };
		01A56E422A55F5A60096EE63 /* MotiqWidgets.intentdefinition in Sources */ = {isa = PBXBuildFile; fileRef = 01A56E3D2A55F5A50096EE63 /* MotiqWidgets.intentdefinition */; };
		01A56E452A55F5A60096EE63 /* MotiqWidgetsExtension.appex in Embed Foundation Extensions */ = {isa = PBXBuildFile; fileRef = 01A56E322A55F5A50096EE63 /* MotiqWidgetsExtension.appex */; settings = {ATTRIBUTES = (RemoveHeadersOnCopy, ); }; };
		01B22DDE29F70037001810F0 /* UserViewModel.swift in Sources */ = {isa = PBXBuildFile; fileRef = 01B22DDD29F70037001810F0 /* UserViewModel.swift */; };
		01B85BC529E1CC780009C388 /* PayWallView.swift in Sources */ = {isa = PBXBuildFile; fileRef = 01B85BC429E1CC780009C388 /* PayWallView.swift */; };
		01B8942129DACD480052EF7E /* SavedQuotesListView.swift in Sources */ = {isa = PBXBuildFile; fileRef = 01B8942029DACD480052EF7E /* SavedQuotesListView.swift */; };
		01E89D252A3B567B00E12443 /* GoalsListView.swift in Sources */ = {isa = PBXBuildFile; fileRef = 01E89D242A3B567B00E12443 /* GoalsListView.swift */; };
		01ED1AC72A2256CE00E57701 /* UserAddedQuotesListView.swift in Sources */ = {isa = PBXBuildFile; fileRef = 01ED1AC62A2256CE00E57701 /* UserAddedQuotesListView.swift */; };
		01ED1AC92A227D9900E57701 /* UserCoreDataViewModel.swift in Sources */ = {isa = PBXBuildFile; fileRef = 01ED1AC82A227D9900E57701 /* UserCoreDataViewModel.swift */; };
		01FFF6F52A1909510017EC46 /* QuotesContainerView.swift in Sources */ = {isa = PBXBuildFile; fileRef = 01FFF6F42A1909510017EC46 /* QuotesContainerView.swift */; };
/* End PBXBuildFile section */

/* Begin PBXContainerItemProxy section */
		01A56E432A55F5A60096EE63 /* PBXContainerItemProxy */ = {
			isa = PBXContainerItemProxy;
			containerPortal = 014B55D529D38AAE00B14F40 /* Project object */;
			proxyType = 1;
			remoteGlobalIDString = 01A56E312A55F5A50096EE63;
			remoteInfo = MotiqWidgetsExtension;
		};
/* End PBXContainerItemProxy section */

/* Begin PBXCopyFilesBuildPhase section */
		01A4241829E2D30D00053D1A /* Embed Foundation Extensions */ = {
			isa = PBXCopyFilesBuildPhase;
			buildActionMask = 2147483647;
			dstPath = "";
			dstSubfolderSpec = 13;
			files = (
				01A56E452A55F5A60096EE63 /* MotiqWidgetsExtension.appex in Embed Foundation Extensions */,
			);
			name = "Embed Foundation Extensions";
			runOnlyForDeploymentPostprocessing = 0;
		};
/* End PBXCopyFilesBuildPhase section */

/* Begin PBXFileReference section */
		01016CEE2A1DE2CF00D31F6C /* PayWallOpeningView.swift */ = {isa = PBXFileReference; lastKnownFileType = sourcecode.swift; path = PayWallOpeningView.swift; sourceTree = "<group>"; };
		010800742A52EDA3005250F5 /* UserGoalCoreDataViewModel.swift */ = {isa = PBXFileReference; lastKnownFileType = sourcecode.swift; path = UserGoalCoreDataViewModel.swift; sourceTree = "<group>"; };
		010800772A530139005250F5 /* GoalContainer.xcdatamodel */ = {isa = PBXFileReference; lastKnownFileType = wrapper.xcdatamodel; path = GoalContainer.xcdatamodel; sourceTree = "<group>"; };
		010800792A532A27005250F5 /* TrackingCenter.swift */ = {isa = PBXFileReference; lastKnownFileType = sourcecode.swift; path = TrackingCenter.swift; sourceTree = "<group>"; };
		0119B39C2A409C90001E9CF1 /* AddGoalView.swift */ = {isa = PBXFileReference; lastKnownFileType = sourcecode.swift; path = AddGoalView.swift; sourceTree = "<group>"; };
		013F207A29E06E5E000C8E22 /* BannerAd.swift */ = {isa = PBXFileReference; lastKnownFileType = sourcecode.swift; path = BannerAd.swift; sourceTree = "<group>"; };
		014AABED29E9FB3900F39B18 /* StoreKit.framework */ = {isa = PBXFileReference; lastKnownFileType = wrapper.framework; name = StoreKit.framework; path = System/Library/Frameworks/StoreKit.framework; sourceTree = SDKROOT; };
		014B55DD29D38AAF00B14F40 /* MotiQ.app */ = {isa = PBXFileReference; explicitFileType = wrapper.application; includeInIndex = 0; path = MotiQ.app; sourceTree = BUILT_PRODUCTS_DIR; };
		014B55E029D38AAF00B14F40 /* MotiQApp.swift */ = {isa = PBXFileReference; lastKnownFileType = sourcecode.swift; path = MotiQApp.swift; sourceTree = "<group>"; };
		014B55E729D38AAF00B14F40 /* Preview Assets.xcassets */ = {isa = PBXFileReference; lastKnownFileType = folder.assetcatalog; path = "Preview Assets.xcassets"; sourceTree = "<group>"; };
		014B55F329D38B5700B14F40 /* HomeScreenView.swift */ = {isa = PBXFileReference; fileEncoding = 4; lastKnownFileType = sourcecode.swift; path = HomeScreenView.swift; sourceTree = "<group>"; };
		014B55F529D38B6900B14F40 /* MotivationalViewModel.swift */ = {isa = PBXFileReference; fileEncoding = 4; lastKnownFileType = sourcecode.swift; path = MotivationalViewModel.swift; sourceTree = "<group>"; };
		014B55F629D38B6900B14F40 /* CoreDataViewModel.swift */ = {isa = PBXFileReference; fileEncoding = 4; lastKnownFileType = sourcecode.swift; path = CoreDataViewModel.swift; sourceTree = "<group>"; };
		014B55F929D38B7A00B14F40 /* SettingsView.swift */ = {isa = PBXFileReference; fileEncoding = 4; lastKnownFileType = sourcecode.swift; path = SettingsView.swift; sourceTree = "<group>"; };
		014B55FB29D38B8800B14F40 /* MotivationalAPI.swift */ = {isa = PBXFileReference; fileEncoding = 4; lastKnownFileType = sourcecode.swift; path = MotivationalAPI.swift; sourceTree = "<group>"; };
		014B55FD29D38BAA00B14F40 /* QuotesModel.swift */ = {isa = PBXFileReference; fileEncoding = 4; lastKnownFileType = sourcecode.swift; path = QuotesModel.swift; sourceTree = "<group>"; };
		014B560029D38BC700B14F40 /* QuotesContainer.xcdatamodel */ = {isa = PBXFileReference; lastKnownFileType = wrapper.xcdatamodel; path = QuotesContainer.xcdatamodel; sourceTree = "<group>"; };
		014B560229D38BDC00B14F40 /* Launch Screen.storyboard */ = {isa = PBXFileReference; fileEncoding = 4; lastKnownFileType = file.storyboard; path = "Launch Screen.storyboard"; sourceTree = "<group>"; };
		014B560429D38C1000B14F40 /* ColorsExtension.swift */ = {isa = PBXFileReference; lastKnownFileType = sourcecode.swift; path = ColorsExtension.swift; sourceTree = "<group>"; };
		014F94AA2A535B250051092F /* GoogleService-Info.plist */ = {isa = PBXFileReference; fileEncoding = 4; lastKnownFileType = text.plist.xml; path = "GoogleService-Info.plist"; sourceTree = "<group>"; };
		014F94C72A537E6E0051092F /* TextToSpeechService.swift */ = {isa = PBXFileReference; lastKnownFileType = sourcecode.swift; path = TextToSpeechService.swift; sourceTree = "<group>"; };
		015E522229D5C2910098DBB6 /* Assets.xcassets */ = {isa = PBXFileReference; lastKnownFileType = folder.assetcatalog; path = Assets.xcassets; sourceTree = "<group>"; };
		015E522629D5DBE20098DBB6 /* AddUserQuoteView.swift */ = {isa = PBXFileReference; lastKnownFileType = sourcecode.swift; path = AddUserQuoteView.swift; sourceTree = "<group>"; };
		015E522829D5F9C00098DBB6 /* NotificationCenter.swift */ = {isa = PBXFileReference; lastKnownFileType = sourcecode.swift; path = NotificationCenter.swift; sourceTree = "<group>"; };
		01777F822A544FC70002367C /* EditGoalView.swift */ = {isa = PBXFileReference; lastKnownFileType = sourcecode.swift; path = EditGoalView.swift; sourceTree = "<group>"; };
		01878C5F2A28B84100AB7714 /* InterstitialAd.swift */ = {isa = PBXFileReference; lastKnownFileType = sourcecode.swift; path = InterstitialAd.swift; sourceTree = "<group>"; };
		018E963829DDE0AB004D5A41 /* NetworkManager.swift */ = {isa = PBXFileReference; lastKnownFileType = sourcecode.swift; path = NetworkManager.swift; sourceTree = "<group>"; };
		019BD33E2A0B7FAA0009F418 /* AlertManager.swift */ = {isa = PBXFileReference; lastKnownFileType = sourcecode.swift; path = AlertManager.swift; sourceTree = "<group>"; };
		01A1512629EC17E700A609AD /* Extensions.swift */ = {isa = PBXFileReference; fileEncoding = 4; lastKnownFileType = sourcecode.swift; path = Extensions.swift; sourceTree = "<group>"; };
		01A4240629E2D30C00053D1A /* SwiftUI.framework */ = {isa = PBXFileReference; lastKnownFileType = wrapper.framework; name = SwiftUI.framework; path = System/Library/Frameworks/SwiftUI.framework; sourceTree = SDKROOT; };
		01A56E322A55F5A50096EE63 /* MotiqWidgetsExtension.appex */ = {isa = PBXFileReference; explicitFileType = "wrapper.app-extension"; includeInIndex = 0; path = MotiqWidgetsExtension.appex; sourceTree = BUILT_PRODUCTS_DIR; };
		01A56E332A55F5A50096EE63 /* WidgetKit.framework */ = {isa = PBXFileReference; lastKnownFileType = wrapper.framework; name = WidgetKit.framework; path = System/Library/Frameworks/WidgetKit.framework; sourceTree = SDKROOT; };
		01A56E372A55F5A50096EE63 /* MotiqWidgetsBundle.swift */ = {isa = PBXFileReference; lastKnownFileType = sourcecode.swift; path = MotiqWidgetsBundle.swift; sourceTree = "<group>"; };
		01A56E3B2A55F5A50096EE63 /* MotiqWidgets.swift */ = {isa = PBXFileReference; lastKnownFileType = sourcecode.swift; path = MotiqWidgets.swift; sourceTree = "<group>"; };
		01A56E3D2A55F5A50096EE63 /* MotiqWidgets.intentdefinition */ = {isa = PBXFileReference; lastKnownFileType = file.intentdefinition; path = MotiqWidgets.intentdefinition; sourceTree = "<group>"; };
		01A56E3E2A55F5A60096EE63 /* Assets.xcassets */ = {isa = PBXFileReference; lastKnownFileType = folder.assetcatalog; path = Assets.xcassets; sourceTree = "<group>"; };
		01A56E402A55F5A60096EE63 /* Info.plist */ = {isa = PBXFileReference; lastKnownFileType = text.plist.xml; path = Info.plist; sourceTree = "<group>"; };
		01B22DDD29F70037001810F0 /* UserViewModel.swift */ = {isa = PBXFileReference; lastKnownFileType = sourcecode.swift; path = UserViewModel.swift; sourceTree = "<group>"; };
		01B85BC429E1CC780009C388 /* PayWallView.swift */ = {isa = PBXFileReference; lastKnownFileType = sourcecode.swift; path = PayWallView.swift; sourceTree = "<group>"; };
		01B8942029DACD480052EF7E /* SavedQuotesListView.swift */ = {isa = PBXFileReference; lastKnownFileType = sourcecode.swift; path = SavedQuotesListView.swift; sourceTree = "<group>"; };
		01E89D242A3B567B00E12443 /* GoalsListView.swift */ = {isa = PBXFileReference; lastKnownFileType = sourcecode.swift; path = GoalsListView.swift; sourceTree = "<group>"; };
		01ED1AC62A2256CE00E57701 /* UserAddedQuotesListView.swift */ = {isa = PBXFileReference; lastKnownFileType = sourcecode.swift; path = UserAddedQuotesListView.swift; sourceTree = "<group>"; };
		01ED1AC82A227D9900E57701 /* UserCoreDataViewModel.swift */ = {isa = PBXFileReference; lastKnownFileType = sourcecode.swift; path = UserCoreDataViewModel.swift; sourceTree = "<group>"; };
		01FFF6F42A1909510017EC46 /* QuotesContainerView.swift */ = {isa = PBXFileReference; lastKnownFileType = sourcecode.swift; path = QuotesContainerView.swift; sourceTree = "<group>"; };
/* End PBXFileReference section */

/* Begin PBXFrameworksBuildPhase section */
		014B55DA29D38AAF00B14F40 /* Frameworks */ = {
			isa = PBXFrameworksBuildPhase;
			buildActionMask = 2147483647;
			files = (
				015B1DAF29E56F5E004AD9C7 /* GoogleMobileAds in Frameworks */,
				015B1DAC29E56EE6004AD9C7 /* RevenueCat in Frameworks */,
				015B1DAA29E56EE6004AD9C7 /* ReceiptParser in Frameworks */,
				0108007D2A5358A4005250F5 /* FirebaseAnalytics in Frameworks */,
				014AABEE29E9FB3900F39B18 /* StoreKit.framework in Frameworks */,
			);
			runOnlyForDeploymentPostprocessing = 0;
		};
		01A56E2F2A55F5A50096EE63 /* Frameworks */ = {
			isa = PBXFrameworksBuildPhase;
			buildActionMask = 2147483647;
			files = (
				01A56E352A55F5A50096EE63 /* SwiftUI.framework in Frameworks */,
				01A56E342A55F5A50096EE63 /* WidgetKit.framework in Frameworks */,
			);
			runOnlyForDeploymentPostprocessing = 0;
		};
/* End PBXFrameworksBuildPhase section */

/* Begin PBXGroup section */
		014B55D429D38AAE00B14F40 = {
			isa = PBXGroup;
			children = (
				014B55DF29D38AAF00B14F40 /* MotiQ */,
				01A56E362A55F5A50096EE63 /* MotiqWidgets */,
				014B55DE29D38AAF00B14F40 /* Products */,
				A3FD9F3AE1FAE7E82EF5E40C /* Frameworks */,
			);
			sourceTree = "<group>";
		};
		014B55DE29D38AAF00B14F40 /* Products */ = {
			isa = PBXGroup;
			children = (
				014B55DD29D38AAF00B14F40 /* MotiQ.app */,
				01A56E322A55F5A50096EE63 /* MotiqWidgetsExtension.appex */,
			);
			name = Products;
			sourceTree = "<group>";
		};
		014B55DF29D38AAF00B14F40 /* MotiQ */ = {
			isa = PBXGroup;
			children = (
				014B55F229D38AE800B14F40 /* Services */,
				014B55F129D38ADC00B14F40 /* Extensions */,
				014B55F029D38AD500B14F40 /* Models */,
				014B55EF29D38ACE00B14F40 /* ViewModels */,
				014B55EE29D38ABC00B14F40 /* Views */,
				014B55E029D38AAF00B14F40 /* MotiQApp.swift */,
				015E522229D5C2910098DBB6 /* Assets.xcassets */,
				014F94AA2A535B250051092F /* GoogleService-Info.plist */,
				014B55E629D38AAF00B14F40 /* Preview Content */,
			);
			path = MotiQ;
			sourceTree = "<group>";
		};
		014B55E629D38AAF00B14F40 /* Preview Content */ = {
			isa = PBXGroup;
			children = (
				014B55E729D38AAF00B14F40 /* Preview Assets.xcassets */,
			);
			path = "Preview Content";
			sourceTree = "<group>";
		};
		014B55EE29D38ABC00B14F40 /* Views */ = {
			isa = PBXGroup;
			children = (
				014B55F929D38B7A00B14F40 /* SettingsView.swift */,
				014B560229D38BDC00B14F40 /* Launch Screen.storyboard */,
				014B55F329D38B5700B14F40 /* HomeScreenView.swift */,
				015E522629D5DBE20098DBB6 /* AddUserQuoteView.swift */,
				01777F822A544FC70002367C /* EditGoalView.swift */,
				01B8942029DACD480052EF7E /* SavedQuotesListView.swift */,
				013F207A29E06E5E000C8E22 /* BannerAd.swift */,
				01B85BC429E1CC780009C388 /* PayWallView.swift */,
				01FFF6F42A1909510017EC46 /* QuotesContainerView.swift */,
				01016CEE2A1DE2CF00D31F6C /* PayWallOpeningView.swift */,
				01ED1AC62A2256CE00E57701 /* UserAddedQuotesListView.swift */,
				01878C5F2A28B84100AB7714 /* InterstitialAd.swift */,
				01E89D242A3B567B00E12443 /* GoalsListView.swift */,
				0119B39C2A409C90001E9CF1 /* AddGoalView.swift */,
			);
			path = Views;
			sourceTree = "<group>";
		};
		014B55EF29D38ACE00B14F40 /* ViewModels */ = {
			isa = PBXGroup;
			children = (
				014B55F629D38B6900B14F40 /* CoreDataViewModel.swift */,
				014B55F529D38B6900B14F40 /* MotivationalViewModel.swift */,
				01B22DDD29F70037001810F0 /* UserViewModel.swift */,
				01ED1AC82A227D9900E57701 /* UserCoreDataViewModel.swift */,
				010800742A52EDA3005250F5 /* UserGoalCoreDataViewModel.swift */,
			);
			path = ViewModels;
			sourceTree = "<group>";
		};
		014B55F029D38AD500B14F40 /* Models */ = {
			isa = PBXGroup;
			children = (
				014B55FD29D38BAA00B14F40 /* QuotesModel.swift */,
				014B55FF29D38BC700B14F40 /* QuotesContainer.xcdatamodeld */,
				010800762A530139005250F5 /* GoalContainer.xcdatamodeld */,
			);
			path = Models;
			sourceTree = "<group>";
		};
		014B55F129D38ADC00B14F40 /* Extensions */ = {
			isa = PBXGroup;
			children = (
				01A1512629EC17E700A609AD /* Extensions.swift */,
				014B560429D38C1000B14F40 /* ColorsExtension.swift */,
			);
			path = Extensions;
			sourceTree = "<group>";
		};
		014B55F229D38AE800B14F40 /* Services */ = {
			isa = PBXGroup;
			children = (
				015E522829D5F9C00098DBB6 /* NotificationCenter.swift */,
				014B55FB29D38B8800B14F40 /* MotivationalAPI.swift */,
				018E963829DDE0AB004D5A41 /* NetworkManager.swift */,
				019BD33E2A0B7FAA0009F418 /* AlertManager.swift */,
				010800792A532A27005250F5 /* TrackingCenter.swift */,
				014F94C72A537E6E0051092F /* TextToSpeechService.swift */,
			);
			path = Services;
			sourceTree = "<group>";
		};
		01A56E362A55F5A50096EE63 /* MotiqWidgets */ = {
			isa = PBXGroup;
			children = (
				01A56E372A55F5A50096EE63 /* MotiqWidgetsBundle.swift */,
				01A56E3B2A55F5A50096EE63 /* MotiqWidgets.swift */,
				01A56E3D2A55F5A50096EE63 /* MotiqWidgets.intentdefinition */,
				01A56E3E2A55F5A60096EE63 /* Assets.xcassets */,
				01A56E402A55F5A60096EE63 /* Info.plist */,
			);
			path = MotiqWidgets;
			sourceTree = "<group>";
		};
		A3FD9F3AE1FAE7E82EF5E40C /* Frameworks */ = {
			isa = PBXGroup;
			children = (
				014AABED29E9FB3900F39B18 /* StoreKit.framework */,
				01A4240629E2D30C00053D1A /* SwiftUI.framework */,
				01A56E332A55F5A50096EE63 /* WidgetKit.framework */,
			);
			name = Frameworks;
			sourceTree = "<group>";
		};
/* End PBXGroup section */

/* Begin PBXNativeTarget section */
		014B55DC29D38AAF00B14F40 /* MotiQ */ = {
			isa = PBXNativeTarget;
			buildConfigurationList = 014B55EB29D38AAF00B14F40 /* Build configuration list for PBXNativeTarget "MotiQ" */;
			buildPhases = (
				014B55D929D38AAF00B14F40 /* Sources */,
				014B55DA29D38AAF00B14F40 /* Frameworks */,
				014B55DB29D38AAF00B14F40 /* Resources */,
				01A4241829E2D30D00053D1A /* Embed Foundation Extensions */,
			);
			buildRules = (
			);
			dependencies = (
				01A56E442A55F5A60096EE63 /* PBXTargetDependency */,
			);
			name = MotiQ;
			packageProductDependencies = (
				015B1DA929E56EE6004AD9C7 /* ReceiptParser */,
				015B1DAB29E56EE6004AD9C7 /* RevenueCat */,
				015B1DAE29E56F5E004AD9C7 /* GoogleMobileAds */,
				0108007C2A5358A4005250F5 /* FirebaseAnalytics */,
			);
			productName = Motiq;
			productReference = 014B55DD29D38AAF00B14F40 /* MotiQ.app */;
			productType = "com.apple.product-type.application";
		};
		01A56E312A55F5A50096EE63 /* MotiqWidgetsExtension */ = {
			isa = PBXNativeTarget;
			buildConfigurationList = 01A56E482A55F5A60096EE63 /* Build configuration list for PBXNativeTarget "MotiqWidgetsExtension" */;
			buildPhases = (
				01A56E2E2A55F5A50096EE63 /* Sources */,
				01A56E2F2A55F5A50096EE63 /* Frameworks */,
				01A56E302A55F5A50096EE63 /* Resources */,
			);
			buildRules = (
			);
			dependencies = (
			);
			name = MotiqWidgetsExtension;
			productName = MotiqWidgetsExtension;
			productReference = 01A56E322A55F5A50096EE63 /* MotiqWidgetsExtension.appex */;
			productType = "com.apple.product-type.app-extension";
		};
/* End PBXNativeTarget section */

/* Begin PBXProject section */
		014B55D529D38AAE00B14F40 /* Project object */ = {
			isa = PBXProject;
			attributes = {
				BuildIndependentTargetsInParallel = 1;
				LastSwiftUpdateCheck = 1430;
				LastUpgradeCheck = 1430;
				TargetAttributes = {
					014B55DC29D38AAF00B14F40 = {
						CreatedOnToolsVersion = 14.3;
					};
					01A56E312A55F5A50096EE63 = {
						CreatedOnToolsVersion = 14.3.1;
					};
				};
			};
			buildConfigurationList = 014B55D829D38AAE00B14F40 /* Build configuration list for PBXProject "MotiQ" */;
			compatibilityVersion = "Xcode 14.0";
			developmentRegion = en;
			hasScannedForEncodings = 0;
			knownRegions = (
				en,
				Base,
			);
			mainGroup = 014B55D429D38AAE00B14F40;
			packageReferences = (
				015B1DA829E56EE6004AD9C7 /* XCRemoteSwiftPackageReference "purchases-ios" */,
				015B1DAD29E56F5E004AD9C7 /* XCRemoteSwiftPackageReference "swift-package-manager-google-mobile-ads" */,
				0108007B2A5358A3005250F5 /* XCRemoteSwiftPackageReference "firebase-ios-sdk" */,
			);
			productRefGroup = 014B55DE29D38AAF00B14F40 /* Products */;
			projectDirPath = "";
			projectRoot = "";
			targets = (
				014B55DC29D38AAF00B14F40 /* MotiQ */,
				01A56E312A55F5A50096EE63 /* MotiqWidgetsExtension */,
			);
		};
/* End PBXProject section */

/* Begin PBXResourcesBuildPhase section */
		014B55DB29D38AAF00B14F40 /* Resources */ = {
			isa = PBXResourcesBuildPhase;
			buildActionMask = 2147483647;
			files = (
				014B560329D38BDC00B14F40 /* Launch Screen.storyboard in Resources */,
				014F94AB2A535B250051092F /* GoogleService-Info.plist in Resources */,
				014B55E829D38AAF00B14F40 /* Preview Assets.xcassets in Resources */,
				015E522329D5C2910098DBB6 /* Assets.xcassets in Resources */,
			);
			runOnlyForDeploymentPostprocessing = 0;
		};
		01A56E302A55F5A50096EE63 /* Resources */ = {
			isa = PBXResourcesBuildPhase;
			buildActionMask = 2147483647;
			files = (
				01A56E3F2A55F5A60096EE63 /* Assets.xcassets in Resources */,
			);
			runOnlyForDeploymentPostprocessing = 0;
		};
/* End PBXResourcesBuildPhase section */

/* Begin PBXSourcesBuildPhase section */
		014B55D929D38AAF00B14F40 /* Sources */ = {
			isa = PBXSourcesBuildPhase;
			buildActionMask = 2147483647;
			files = (
				01016CEF2A1DE2CF00D31F6C /* PayWallOpeningView.swift in Sources */,
				01FFF6F52A1909510017EC46 /* QuotesContainerView.swift in Sources */,
				015E522729D5DBE20098DBB6 /* AddUserQuoteView.swift in Sources */,
				0108007A2A532A27005250F5 /* TrackingCenter.swift in Sources */,
				014B55FA29D38B7A00B14F40 /* SettingsView.swift in Sources */,
				01E89D252A3B567B00E12443 /* GoalsListView.swift in Sources */,
				01B85BC529E1CC780009C388 /* PayWallView.swift in Sources */,
				015E522929D5F9C00098DBB6 /* NotificationCenter.swift in Sources */,
				014F94C82A537E6E0051092F /* TextToSpeechService.swift in Sources */,
				01ED1AC92A227D9900E57701 /* UserCoreDataViewModel.swift in Sources */,
				018E963929DDE0AB004D5A41 /* NetworkManager.swift in Sources */,
				01878C602A28B84100AB7714 /* InterstitialAd.swift in Sources */,
				014B55FC29D38B8800B14F40 /* MotivationalAPI.swift in Sources */,
				01ED1AC72A2256CE00E57701 /* UserAddedQuotesListView.swift in Sources */,
				014B55F829D38B6900B14F40 /* CoreDataViewModel.swift in Sources */,
				01777F832A544FC70002367C /* EditGoalView.swift in Sources */,
				010800782A530139005250F5 /* GoalContainer.xcdatamodeld in Sources */,
				014B55F429D38B5700B14F40 /* HomeScreenView.swift in Sources */,
				014B55F729D38B6900B14F40 /* MotivationalViewModel.swift in Sources */,
				0119B39D2A409C90001E9CF1 /* AddGoalView.swift in Sources */,
				019BD33F2A0B7FAA0009F418 /* AlertManager.swift in Sources */,
				01B22DDE29F70037001810F0 /* UserViewModel.swift in Sources */,
				013F207B29E06E5E000C8E22 /* BannerAd.swift in Sources */,
				01B8942129DACD480052EF7E /* SavedQuotesListView.swift in Sources */,
				010800752A52EDA3005250F5 /* UserGoalCoreDataViewModel.swift in Sources */,
				01A1512729EC17E700A609AD /* Extensions.swift in Sources */,
				01A56E422A55F5A60096EE63 /* MotiqWidgets.intentdefinition in Sources */,
				014B560529D38C1000B14F40 /* ColorsExtension.swift in Sources */,
				014B55FE29D38BAA00B14F40 /* QuotesModel.swift in Sources */,
				014B55E129D38AAF00B14F40 /* MotiQApp.swift in Sources */,
				014B560129D38BC700B14F40 /* QuotesContainer.xcdatamodeld in Sources */,
			);
			runOnlyForDeploymentPostprocessing = 0;
		};
		01A56E2E2A55F5A50096EE63 /* Sources */ = {
			isa = PBXSourcesBuildPhase;
			buildActionMask = 2147483647;
			files = (
				01A56E382A55F5A50096EE63 /* MotiqWidgetsBundle.swift in Sources */,
				01A56E3C2A55F5A50096EE63 /* MotiqWidgets.swift in Sources */,
				01A56E412A55F5A60096EE63 /* MotiqWidgets.intentdefinition in Sources */,
			);
			runOnlyForDeploymentPostprocessing = 0;
		};
/* End PBXSourcesBuildPhase section */

/* Begin PBXTargetDependency section */
		01A56E442A55F5A60096EE63 /* PBXTargetDependency */ = {
			isa = PBXTargetDependency;
			target = 01A56E312A55F5A50096EE63 /* MotiqWidgetsExtension */;
			targetProxy = 01A56E432A55F5A60096EE63 /* PBXContainerItemProxy */;
		};
/* End PBXTargetDependency section */

/* Begin XCBuildConfiguration section */
		014B55E929D38AAF00B14F40 /* Debug */ = {
			isa = XCBuildConfiguration;
			buildSettings = {
				ALWAYS_SEARCH_USER_PATHS = NO;
				CLANG_ANALYZER_NONNULL = YES;
				CLANG_ANALYZER_NUMBER_OBJECT_CONVERSION = YES_AGGRESSIVE;
				CLANG_CXX_LANGUAGE_STANDARD = "gnu++20";
				CLANG_ENABLE_MODULES = YES;
				CLANG_ENABLE_OBJC_ARC = YES;
				CLANG_ENABLE_OBJC_WEAK = YES;
				CLANG_WARN_BLOCK_CAPTURE_AUTORELEASING = YES;
				CLANG_WARN_BOOL_CONVERSION = YES;
				CLANG_WARN_COMMA = YES;
				CLANG_WARN_CONSTANT_CONVERSION = YES;
				CLANG_WARN_DEPRECATED_OBJC_IMPLEMENTATIONS = YES;
				CLANG_WARN_DIRECT_OBJC_ISA_USAGE = YES_ERROR;
				CLANG_WARN_DOCUMENTATION_COMMENTS = YES;
				CLANG_WARN_EMPTY_BODY = YES;
				CLANG_WARN_ENUM_CONVERSION = YES;
				CLANG_WARN_INFINITE_RECURSION = YES;
				CLANG_WARN_INT_CONVERSION = YES;
				CLANG_WARN_NON_LITERAL_NULL_CONVERSION = YES;
				CLANG_WARN_OBJC_IMPLICIT_RETAIN_SELF = YES;
				CLANG_WARN_OBJC_LITERAL_CONVERSION = YES;
				CLANG_WARN_OBJC_ROOT_CLASS = YES_ERROR;
				CLANG_WARN_QUOTED_INCLUDE_IN_FRAMEWORK_HEADER = YES;
				CLANG_WARN_RANGE_LOOP_ANALYSIS = YES;
				CLANG_WARN_STRICT_PROTOTYPES = YES;
				CLANG_WARN_SUSPICIOUS_MOVE = YES;
				CLANG_WARN_UNGUARDED_AVAILABILITY = YES_AGGRESSIVE;
				CLANG_WARN_UNREACHABLE_CODE = YES;
				CLANG_WARN__DUPLICATE_METHOD_MATCH = YES;
				COPY_PHASE_STRIP = NO;
				DEBUG_INFORMATION_FORMAT = dwarf;
				ENABLE_STRICT_OBJC_MSGSEND = YES;
				ENABLE_TESTABILITY = YES;
				GCC_C_LANGUAGE_STANDARD = gnu11;
				GCC_DYNAMIC_NO_PIC = NO;
				GCC_NO_COMMON_BLOCKS = YES;
				GCC_OPTIMIZATION_LEVEL = 0;
				GCC_PREPROCESSOR_DEFINITIONS = (
					"DEBUG=1",
					"$(inherited)",
				);
				GCC_WARN_64_TO_32_BIT_CONVERSION = YES;
				GCC_WARN_ABOUT_RETURN_TYPE = YES_ERROR;
				GCC_WARN_UNDECLARED_SELECTOR = YES;
				GCC_WARN_UNINITIALIZED_AUTOS = YES_AGGRESSIVE;
				GCC_WARN_UNUSED_FUNCTION = YES;
				GCC_WARN_UNUSED_VARIABLE = YES;
				IPHONEOS_DEPLOYMENT_TARGET = 14.0;
				MTL_ENABLE_DEBUG_INFO = INCLUDE_SOURCE;
				MTL_FAST_MATH = YES;
				ONLY_ACTIVE_ARCH = YES;
				SDKROOT = iphoneos;
				SWIFT_ACTIVE_COMPILATION_CONDITIONS = DEBUG;
				SWIFT_OPTIMIZATION_LEVEL = "-Onone";
			};
			name = Debug;
		};
		014B55EA29D38AAF00B14F40 /* Release */ = {
			isa = XCBuildConfiguration;
			buildSettings = {
				ALWAYS_SEARCH_USER_PATHS = NO;
				CLANG_ANALYZER_NONNULL = YES;
				CLANG_ANALYZER_NUMBER_OBJECT_CONVERSION = YES_AGGRESSIVE;
				CLANG_CXX_LANGUAGE_STANDARD = "gnu++20";
				CLANG_ENABLE_MODULES = YES;
				CLANG_ENABLE_OBJC_ARC = YES;
				CLANG_ENABLE_OBJC_WEAK = YES;
				CLANG_WARN_BLOCK_CAPTURE_AUTORELEASING = YES;
				CLANG_WARN_BOOL_CONVERSION = YES;
				CLANG_WARN_COMMA = YES;
				CLANG_WARN_CONSTANT_CONVERSION = YES;
				CLANG_WARN_DEPRECATED_OBJC_IMPLEMENTATIONS = YES;
				CLANG_WARN_DIRECT_OBJC_ISA_USAGE = YES_ERROR;
				CLANG_WARN_DOCUMENTATION_COMMENTS = YES;
				CLANG_WARN_EMPTY_BODY = YES;
				CLANG_WARN_ENUM_CONVERSION = YES;
				CLANG_WARN_INFINITE_RECURSION = YES;
				CLANG_WARN_INT_CONVERSION = YES;
				CLANG_WARN_NON_LITERAL_NULL_CONVERSION = YES;
				CLANG_WARN_OBJC_IMPLICIT_RETAIN_SELF = YES;
				CLANG_WARN_OBJC_LITERAL_CONVERSION = YES;
				CLANG_WARN_OBJC_ROOT_CLASS = YES_ERROR;
				CLANG_WARN_QUOTED_INCLUDE_IN_FRAMEWORK_HEADER = YES;
				CLANG_WARN_RANGE_LOOP_ANALYSIS = YES;
				CLANG_WARN_STRICT_PROTOTYPES = YES;
				CLANG_WARN_SUSPICIOUS_MOVE = YES;
				CLANG_WARN_UNGUARDED_AVAILABILITY = YES_AGGRESSIVE;
				CLANG_WARN_UNREACHABLE_CODE = YES;
				CLANG_WARN__DUPLICATE_METHOD_MATCH = YES;
				COPY_PHASE_STRIP = NO;
				DEBUG_INFORMATION_FORMAT = "dwarf-with-dsym";
				ENABLE_NS_ASSERTIONS = NO;
				ENABLE_STRICT_OBJC_MSGSEND = YES;
				GCC_C_LANGUAGE_STANDARD = gnu11;
				GCC_NO_COMMON_BLOCKS = YES;
				GCC_WARN_64_TO_32_BIT_CONVERSION = YES;
				GCC_WARN_ABOUT_RETURN_TYPE = YES_ERROR;
				GCC_WARN_UNDECLARED_SELECTOR = YES;
				GCC_WARN_UNINITIALIZED_AUTOS = YES_AGGRESSIVE;
				GCC_WARN_UNUSED_FUNCTION = YES;
				GCC_WARN_UNUSED_VARIABLE = YES;
				IPHONEOS_DEPLOYMENT_TARGET = 14.0;
				MTL_ENABLE_DEBUG_INFO = NO;
				MTL_FAST_MATH = YES;
				SDKROOT = iphoneos;
				SWIFT_COMPILATION_MODE = wholemodule;
				SWIFT_OPTIMIZATION_LEVEL = "-O";
				VALIDATE_PRODUCT = YES;
			};
			name = Release;
		};
		014B55EC29D38AAF00B14F40 /* Debug */ = {
			isa = XCBuildConfiguration;
			buildSettings = {
				ALWAYS_EMBED_SWIFT_STANDARD_LIBRARIES = YES;
				ASSETCATALOG_COMPILER_APPICON_NAME = AppIcon;
				ASSETCATALOG_COMPILER_GLOBAL_ACCENT_COLOR_NAME = AccentColor;
				CODE_SIGN_STYLE = Automatic;
				CURRENT_PROJECT_VERSION = 1;
				DEVELOPMENT_ASSET_PATHS = "\"Motiq/Preview Content\"";
				DEVELOPMENT_TEAM = V975Z3G3HV;
				ENABLE_PREVIEWS = YES;
				GENERATE_INFOPLIST_FILE = YES;
				INFOPLIST_FILE = MotiQ/Info.plist;
				INFOPLIST_KEY_CFBundleDisplayName = Motiq;
				INFOPLIST_KEY_LSApplicationCategoryType = "public.app-category.healthcare-fitness";
				INFOPLIST_KEY_NSUserTrackingUsageDescription = "This identifier will be used to deliver personalized ads to you.";
				INFOPLIST_KEY_UIApplicationSceneManifest_Generation = YES;
				INFOPLIST_KEY_UIApplicationSupportsIndirectInputEvents = YES;
				INFOPLIST_KEY_UILaunchScreen_Generation = YES;
				INFOPLIST_KEY_UILaunchStoryboardName = "Launch Screen.storyboard";
				INFOPLIST_KEY_UIRequiresFullScreen = YES;
				INFOPLIST_KEY_UISupportedInterfaceOrientations = UIInterfaceOrientationPortrait;
				INFOPLIST_KEY_UISupportedInterfaceOrientations_iPad = "UIInterfaceOrientationPortrait UIInterfaceOrientationPortraitUpsideDown";
				IPHONEOS_DEPLOYMENT_TARGET = 14.0;
				LD_RUNPATH_SEARCH_PATHS = (
					"$(inherited)",
					"@executable_path/Frameworks",
				);
				MARKETING_VERSION = 1.5.2;
				"OTHER_LDFLAGS[arch=*]" = "-ObjC";
				PRODUCT_BUNDLE_IDENTIFIER = dnn.Motiq;
				PRODUCT_NAME = "$(TARGET_NAME)";
				SUPPORTED_PLATFORMS = "iphoneos iphonesimulator";
				SUPPORTS_MACCATALYST = NO;
				SUPPORTS_MAC_DESIGNED_FOR_IPHONE_IPAD = NO;
				SWIFT_EMIT_LOC_STRINGS = YES;
				SWIFT_VERSION = 5.0;
				TARGETED_DEVICE_FAMILY = 1;
			};
			name = Debug;
		};
		014B55ED29D38AAF00B14F40 /* Release */ = {
			isa = XCBuildConfiguration;
			buildSettings = {
				ALWAYS_EMBED_SWIFT_STANDARD_LIBRARIES = YES;
				ASSETCATALOG_COMPILER_APPICON_NAME = AppIcon;
				ASSETCATALOG_COMPILER_GLOBAL_ACCENT_COLOR_NAME = AccentColor;
				CODE_SIGN_STYLE = Automatic;
				CURRENT_PROJECT_VERSION = 1;
				DEVELOPMENT_ASSET_PATHS = "\"Motiq/Preview Content\"";
				DEVELOPMENT_TEAM = V975Z3G3HV;
				ENABLE_PREVIEWS = YES;
				GENERATE_INFOPLIST_FILE = YES;
				INFOPLIST_FILE = MotiQ/Info.plist;
				INFOPLIST_KEY_CFBundleDisplayName = Motiq;
				INFOPLIST_KEY_LSApplicationCategoryType = "public.app-category.healthcare-fitness";
				INFOPLIST_KEY_NSUserTrackingUsageDescription = "This identifier will be used to deliver personalized ads to you.";
				INFOPLIST_KEY_UIApplicationSceneManifest_Generation = YES;
				INFOPLIST_KEY_UIApplicationSupportsIndirectInputEvents = YES;
				INFOPLIST_KEY_UILaunchScreen_Generation = YES;
				INFOPLIST_KEY_UILaunchStoryboardName = "Launch Screen.storyboard";
				INFOPLIST_KEY_UIRequiresFullScreen = YES;
				INFOPLIST_KEY_UISupportedInterfaceOrientations = UIInterfaceOrientationPortrait;
				INFOPLIST_KEY_UISupportedInterfaceOrientations_iPad = "UIInterfaceOrientationPortrait UIInterfaceOrientationPortraitUpsideDown";
				IPHONEOS_DEPLOYMENT_TARGET = 14.0;
				LD_RUNPATH_SEARCH_PATHS = (
					"$(inherited)",
					"@executable_path/Frameworks",
				);
				MARKETING_VERSION = 1.5.2;
				"OTHER_LDFLAGS[arch=*]" = "-ObjC";
				PRODUCT_BUNDLE_IDENTIFIER = dnn.Motiq;
				PRODUCT_NAME = "$(TARGET_NAME)";
				SUPPORTED_PLATFORMS = "iphoneos iphonesimulator";
				SUPPORTS_MACCATALYST = NO;
				SUPPORTS_MAC_DESIGNED_FOR_IPHONE_IPAD = NO;
				SWIFT_EMIT_LOC_STRINGS = YES;
				SWIFT_VERSION = 5.0;
				TARGETED_DEVICE_FAMILY = 1;
			};
			name = Release;
		};
		01A56E462A55F5A60096EE63 /* Debug */ = {
			isa = XCBuildConfiguration;
			buildSettings = {
				ASSETCATALOG_COMPILER_GLOBAL_ACCENT_COLOR_NAME = AccentColor;
				ASSETCATALOG_COMPILER_WIDGET_BACKGROUND_COLOR_NAME = WidgetBackground;
				CODE_SIGN_STYLE = Automatic;
				CURRENT_PROJECT_VERSION = 1;
				DEVELOPMENT_TEAM = V975Z3G3HV;
				GENERATE_INFOPLIST_FILE = YES;
				INFOPLIST_FILE = MotiqWidgets/Info.plist;
				INFOPLIST_KEY_CFBundleDisplayName = MotiqWidgets;
				INFOPLIST_KEY_NSHumanReadableCopyright = "";
				IPHONEOS_DEPLOYMENT_TARGET = 14.0;
				LD_RUNPATH_SEARCH_PATHS = (
					"$(inherited)",
					"@executable_path/Frameworks",
					"@executable_path/../../Frameworks",
				);
				MARKETING_VERSION = 1.5.2;
				PRODUCT_BUNDLE_IDENTIFIER = dnn.Motiq.MotiqWidgets;
				PRODUCT_NAME = "$(TARGET_NAME)";
				SKIP_INSTALL = YES;
				SWIFT_EMIT_LOC_STRINGS = YES;
				SWIFT_VERSION = 5.0;
				TARGETED_DEVICE_FAMILY = 1;
			};
			name = Debug;
		};
		01A56E472A55F5A60096EE63 /* Release */ = {
			isa = XCBuildConfiguration;
			buildSettings = {
				ASSETCATALOG_COMPILER_GLOBAL_ACCENT_COLOR_NAME = AccentColor;
				ASSETCATALOG_COMPILER_WIDGET_BACKGROUND_COLOR_NAME = WidgetBackground;
				CODE_SIGN_STYLE = Automatic;
				CURRENT_PROJECT_VERSION = 1;
				DEVELOPMENT_TEAM = V975Z3G3HV;
				GENERATE_INFOPLIST_FILE = YES;
				INFOPLIST_FILE = MotiqWidgets/Info.plist;
				INFOPLIST_KEY_CFBundleDisplayName = MotiqWidgets;
				INFOPLIST_KEY_NSHumanReadableCopyright = "";
				IPHONEOS_DEPLOYMENT_TARGET = 14.0;
				LD_RUNPATH_SEARCH_PATHS = (
					"$(inherited)",
					"@executable_path/Frameworks",
					"@executable_path/../../Frameworks",
				);
				MARKETING_VERSION = 1.5.2;
				PRODUCT_BUNDLE_IDENTIFIER = dnn.Motiq.MotiqWidgets;
				PRODUCT_NAME = "$(TARGET_NAME)";
				SKIP_INSTALL = YES;
				SWIFT_EMIT_LOC_STRINGS = YES;
				SWIFT_VERSION = 5.0;
				TARGETED_DEVICE_FAMILY = 1;
			};
			name = Release;
		};
/* End XCBuildConfiguration section */

/* Begin XCConfigurationList section */
		014B55D829D38AAE00B14F40 /* Build configuration list for PBXProject "MotiQ" */ = {
			isa = XCConfigurationList;
			buildConfigurations = (
				014B55E929D38AAF00B14F40 /* Debug */,
				014B55EA29D38AAF00B14F40 /* Release */,
			);
			defaultConfigurationIsVisible = 0;
			defaultConfigurationName = Release;
		};
		014B55EB29D38AAF00B14F40 /* Build configuration list for PBXNativeTarget "MotiQ" */ = {
			isa = XCConfigurationList;
			buildConfigurations = (
				014B55EC29D38AAF00B14F40 /* Debug */,
				014B55ED29D38AAF00B14F40 /* Release */,
			);
			defaultConfigurationIsVisible = 0;
			defaultConfigurationName = Release;
		};
		01A56E482A55F5A60096EE63 /* Build configuration list for PBXNativeTarget "MotiqWidgetsExtension" */ = {
			isa = XCConfigurationList;
			buildConfigurations = (
				01A56E462A55F5A60096EE63 /* Debug */,
				01A56E472A55F5A60096EE63 /* Release */,
			);
			defaultConfigurationIsVisible = 0;
			defaultConfigurationName = Release;
		};
/* End XCConfigurationList section */

/* Begin XCRemoteSwiftPackageReference section */
		0108007B2A5358A3005250F5 /* XCRemoteSwiftPackageReference "firebase-ios-sdk" */ = {
			isa = XCRemoteSwiftPackageReference;
			repositoryURL = "https://github.com/firebase/firebase-ios-sdk";
			requirement = {
				kind = upToNextMajorVersion;
				minimumVersion = 10.0.0;
			};
		};
		015B1DA829E56EE6004AD9C7 /* XCRemoteSwiftPackageReference "purchases-ios" */ = {
			isa = XCRemoteSwiftPackageReference;
			repositoryURL = "https://github.com/RevenueCat/purchases-ios.git";
			requirement = {
				kind = upToNextMajorVersion;
				minimumVersion = 4.0.0;
			};
		};
		015B1DAD29E56F5E004AD9C7 /* XCRemoteSwiftPackageReference "swift-package-manager-google-mobile-ads" */ = {
			isa = XCRemoteSwiftPackageReference;
			repositoryURL = "https://github.com/googleads/swift-package-manager-google-mobile-ads.git";
			requirement = {
				kind = upToNextMajorVersion;
				minimumVersion = 10.0.0;
			};
		};
/* End XCRemoteSwiftPackageReference section */

/* Begin XCSwiftPackageProductDependency section */
		0108007C2A5358A4005250F5 /* FirebaseAnalytics */ = {
			isa = XCSwiftPackageProductDependency;
			package = 0108007B2A5358A3005250F5 /* XCRemoteSwiftPackageReference "firebase-ios-sdk" */;
			productName = FirebaseAnalytics;
		};
		015B1DA929E56EE6004AD9C7 /* ReceiptParser */ = {
			isa = XCSwiftPackageProductDependency;
			package = 015B1DA829E56EE6004AD9C7 /* XCRemoteSwiftPackageReference "purchases-ios" */;
			productName = ReceiptParser;
		};
		015B1DAB29E56EE6004AD9C7 /* RevenueCat */ = {
			isa = XCSwiftPackageProductDependency;
			package = 015B1DA829E56EE6004AD9C7 /* XCRemoteSwiftPackageReference "purchases-ios" */;
			productName = RevenueCat;
		};
		015B1DAE29E56F5E004AD9C7 /* GoogleMobileAds */ = {
			isa = XCSwiftPackageProductDependency;
			package = 015B1DAD29E56F5E004AD9C7 /* XCRemoteSwiftPackageReference "swift-package-manager-google-mobile-ads" */;
			productName = GoogleMobileAds;
		};
/* End XCSwiftPackageProductDependency section */

/* Begin XCVersionGroup section */
		010800762A530139005250F5 /* GoalContainer.xcdatamodeld */ = {
			isa = XCVersionGroup;
			children = (
				010800772A530139005250F5 /* GoalContainer.xcdatamodel */,
			);
			currentVersion = 010800772A530139005250F5 /* GoalContainer.xcdatamodel */;
			path = GoalContainer.xcdatamodeld;
			sourceTree = "<group>";
			versionGroupType = wrapper.xcdatamodel;
		};
		014B55FF29D38BC700B14F40 /* QuotesContainer.xcdatamodeld */ = {
			isa = XCVersionGroup;
			children = (
				014B560029D38BC700B14F40 /* QuotesContainer.xcdatamodel */,
			);
			currentVersion = 014B560029D38BC700B14F40 /* QuotesContainer.xcdatamodel */;
			path = QuotesContainer.xcdatamodeld;
			sourceTree = "<group>";
			versionGroupType = wrapper.xcdatamodel;
		};
/* End XCVersionGroup section */
	};
	rootObject = 014B55D529D38AAE00B14F40 /* Project object */;
}
